
Microsoft Visual Studio Solution File, Format Version 12.00
# Visual Studio Version 16
VisualStudioVersion = 16.0.29006.145
MinimumVisualStudioVersion = 10.0.40219.1
Project("{2150E333-8FDC-42A3-9474-1A3956D46DE8}") = "Src", "Src", "{929F44D0-A040-4DC3-A22F-4C5829C05D44}"
	ProjectSection(SolutionItems) = preProject
		src\Directory.Build.targets = src\Directory.Build.targets
	EndProjectSection
EndProject
Project("{2150E333-8FDC-42A3-9474-1A3956D46DE8}") = "Test", "Test", "{9575CB90-BC4B-43BB-8AEA-82C53FDA4187}"
EndProject
Project("{2150E333-8FDC-42A3-9474-1A3956D46DE8}") = "Solution Items", "Solution Items", "{9C98BA1B-1543-45B8-A11D-C31F51C0D22A}"
	ProjectSection(SolutionItems) = preProject
		.editorconfig = .editorconfig
		LICENSE = LICENSE
		README.md = README.md
		webhooks.yaml = webhooks.yaml
	EndProjectSection
EndProject
Project("{2150E333-8FDC-42A3-9474-1A3956D46DE8}") = "Samples", "Samples", "{E957C8D9-B4A0-488B-838F-BAB4DE080A76}"
EndProject
Project("{9A19103F-16F7-4668-BE54-9A1E7A4F7556}") = "Microsoft.AspNetCore.WebHooks.Common", "src\Microsoft.AspNetCore.WebHooks.Common\Microsoft.AspNetCore.WebHooks.Common.csproj", "{DCC55BD1-E7C2-4686-AAEA-578C1D4EB856}"
EndProject
Project("{9A19103F-16F7-4668-BE54-9A1E7A4F7556}") = "Microsoft.AspNetCore.WebHooks.Custom", "src\Microsoft.AspNetCore.WebHooks.Custom\Microsoft.AspNetCore.WebHooks.Custom.csproj", "{A98BD3A3-693C-4304-8A40-EC2072D24CFC}"
EndProject
Project("{9A19103F-16F7-4668-BE54-9A1E7A4F7556}") = "Microsoft.AspNetCore.WebHooks.Custom.Api", "src\Microsoft.AspNetCore.WebHooks.Custom.Api\Microsoft.AspNetCore.WebHooks.Custom.Api.csproj", "{EDE5D187-B9B3-42DB-93CE-C40632E958CD}"
EndProject
Project("{9A19103F-16F7-4668-BE54-9A1E7A4F7556}") = "Microsoft.AspNetCore.WebHooks.Custom.SqlStorage", "src\Microsoft.AspNetCore.WebHooks.Custom.SqlStorage\Microsoft.AspNetCore.WebHooks.Custom.SqlStorage.csproj", "{D0846FE0-421F-4127-9C24-AB8170D7ACEC}"
EndProject
Project("{9A19103F-16F7-4668-BE54-9A1E7A4F7556}") = "CustomCoreReceiver", "samples\CustomCoreReceiver\CustomCoreReceiver.csproj", "{9E3C8783-CD22-4E48-AA15-2338B68F2256}"
EndProject
Project("{9A19103F-16F7-4668-BE54-9A1E7A4F7556}") = "CustomCoreSender", "samples\CustomCoreSender\CustomCoreSender.csproj", "{58B4D13E-A97D-473E-91FE-0C5B7CB79B81}"
EndProject
Project("{9A19103F-16F7-4668-BE54-9A1E7A4F7556}") = "Microsoft.AspNetCore.WebHooks.Receivers", "src\Microsoft.AspNetCore.WebHooks.Receivers\Microsoft.AspNetCore.WebHooks.Receivers.csproj", "{5F992AB8-4DBC-481B-9241-BC6A5582D460}"
EndProject
Project("{2150E333-8FDC-42A3-9474-1A3956D46DE8}") = "Tests", "Tests", "{9C7BEEC2-1A50-40A7-ACC3-8A844E361540}"
EndProject
Project("{9A19103F-16F7-4668-BE54-9A1E7A4F7556}") = "Microsoft.AspNetCore.WebHooks.Custom.Tests", "tests\Microsoft.AspNetCore.WebHooks.Custom.Tests\Microsoft.AspNetCore.WebHooks.Custom.Tests.csproj", "{AB2A37C7-3208-484E-8F87-B52564C50DD0}"
EndProject
Global
	GlobalSection(SolutionConfigurationPlatforms) = preSolution
		Debug|Any CPU = Debug|Any CPU
		Release|Any CPU = Release|Any CPU
	EndGlobalSection
	GlobalSection(ProjectConfigurationPlatforms) = postSolution
		{DCC55BD1-E7C2-4686-AAEA-578C1D4EB856}.Debug|Any CPU.ActiveCfg = Debug|Any CPU
		{DCC55BD1-E7C2-4686-AAEA-578C1D4EB856}.Debug|Any CPU.Build.0 = Debug|Any CPU
		{DCC55BD1-E7C2-4686-AAEA-578C1D4EB856}.Release|Any CPU.ActiveCfg = Release|Any CPU
		{DCC55BD1-E7C2-4686-AAEA-578C1D4EB856}.Release|Any CPU.Build.0 = Release|Any CPU
		{A98BD3A3-693C-4304-8A40-EC2072D24CFC}.Debug|Any CPU.ActiveCfg = Debug|Any CPU
		{A98BD3A3-693C-4304-8A40-EC2072D24CFC}.Debug|Any CPU.Build.0 = Debug|Any CPU
		{A98BD3A3-693C-4304-8A40-EC2072D24CFC}.Release|Any CPU.ActiveCfg = Release|Any CPU
		{A98BD3A3-693C-4304-8A40-EC2072D24CFC}.Release|Any CPU.Build.0 = Release|Any CPU
		{EDE5D187-B9B3-42DB-93CE-C40632E958CD}.Debug|Any CPU.ActiveCfg = Debug|Any CPU
		{EDE5D187-B9B3-42DB-93CE-C40632E958CD}.Debug|Any CPU.Build.0 = Debug|Any CPU
		{EDE5D187-B9B3-42DB-93CE-C40632E958CD}.Release|Any CPU.ActiveCfg = Release|Any CPU
		{EDE5D187-B9B3-42DB-93CE-C40632E958CD}.Release|Any CPU.Build.0 = Release|Any CPU
		{D0846FE0-421F-4127-9C24-AB8170D7ACEC}.Debug|Any CPU.ActiveCfg = Debug|Any CPU
		{D0846FE0-421F-4127-9C24-AB8170D7ACEC}.Debug|Any CPU.Build.0 = Debug|Any CPU
		{D0846FE0-421F-4127-9C24-AB8170D7ACEC}.Release|Any CPU.ActiveCfg = Release|Any CPU
		{D0846FE0-421F-4127-9C24-AB8170D7ACEC}.Release|Any CPU.Build.0 = Release|Any CPU
		{9E3C8783-CD22-4E48-AA15-2338B68F2256}.Debug|Any CPU.ActiveCfg = Debug|Any CPU
		{9E3C8783-CD22-4E48-AA15-2338B68F2256}.Debug|Any CPU.Build.0 = Debug|Any CPU
		{9E3C8783-CD22-4E48-AA15-2338B68F2256}.Release|Any CPU.ActiveCfg = Release|Any CPU
		{9E3C8783-CD22-4E48-AA15-2338B68F2256}.Release|Any CPU.Build.0 = Release|Any CPU
		{58B4D13E-A97D-473E-91FE-0C5B7CB79B81}.Debug|Any CPU.ActiveCfg = Debug|Any CPU
		{58B4D13E-A97D-473E-91FE-0C5B7CB79B81}.Debug|Any CPU.Build.0 = Debug|Any CPU
		{58B4D13E-A97D-473E-91FE-0C5B7CB79B81}.Release|Any CPU.ActiveCfg = Release|Any CPU
		{58B4D13E-A97D-473E-91FE-0C5B7CB79B81}.Release|Any CPU.Build.0 = Release|Any CPU
		{5F992AB8-4DBC-481B-9241-BC6A5582D460}.Debug|Any CPU.ActiveCfg = Debug|Any CPU
		{5F992AB8-4DBC-481B-9241-BC6A5582D460}.Debug|Any CPU.Build.0 = Debug|Any CPU
		{5F992AB8-4DBC-481B-9241-BC6A5582D460}.Release|Any CPU.ActiveCfg = Release|Any CPU
		{5F992AB8-4DBC-481B-9241-BC6A5582D460}.Release|Any CPU.Build.0 = Release|Any CPU
		{AB2A37C7-3208-484E-8F87-B52564C50DD0}.Debug|Any CPU.ActiveCfg = Debug|Any CPU
		{AB2A37C7-3208-484E-8F87-B52564C50DD0}.Debug|Any CPU.Build.0 = Debug|Any CPU
		{AB2A37C7-3208-484E-8F87-B52564C50DD0}.Release|Any CPU.ActiveCfg = Release|Any CPU
		{AB2A37C7-3208-484E-8F87-B52564C50DD0}.Release|Any CPU.Build.0 = Release|Any CPU
	EndGlobalSection
	GlobalSection(SolutionProperties) = preSolution
		HideSolutionNode = FALSE
	EndGlobalSection
	GlobalSection(NestedProjects) = preSolution
		{DCC55BD1-E7C2-4686-AAEA-578C1D4EB856} = {929F44D0-A040-4DC3-A22F-4C5829C05D44}
		{A98BD3A3-693C-4304-8A40-EC2072D24CFC} = {929F44D0-A040-4DC3-A22F-4C5829C05D44}
		{EDE5D187-B9B3-42DB-93CE-C40632E958CD} = {929F44D0-A040-4DC3-A22F-4C5829C05D44}
		{D0846FE0-421F-4127-9C24-AB8170D7ACEC} = {929F44D0-A040-4DC3-A22F-4C5829C05D44}
		{9E3C8783-CD22-4E48-AA15-2338B68F2256} = {E957C8D9-B4A0-488B-838F-BAB4DE080A76}
		{58B4D13E-A97D-473E-91FE-0C5B7CB79B81} = {E957C8D9-B4A0-488B-838F-BAB4DE080A76}
		{5F992AB8-4DBC-481B-9241-BC6A5582D460} = {929F44D0-A040-4DC3-A22F-4C5829C05D44}
		{AB2A37C7-3208-484E-8F87-B52564C50DD0} = {9C7BEEC2-1A50-40A7-ACC3-8A844E361540}
	EndGlobalSection
	GlobalSection(ExtensibilityGlobals) = postSolution
		SolutionGuid = {12CE6238-F847-4984-8622-1ED46072150A}
		EnterpriseLibraryConfigurationToolBinariesPathV6 = packages\EnterpriseLibrary.TransientFaultHandling.6.0.1304.0\lib\portable-net45+win+wp8;packages\EnterpriseLibrary.TransientFaultHandling.Data.6.0.1304.1\lib\NET45
	EndGlobalSection
EndGlobal
